
Microsoft Visual Studio Solution File, Format Version 12.00
# Visual Studio Version 17
VisualStudioVersion = 17.6.33829.357
MinimumVisualStudioVersion = 10.0.40219.1
Project("{FAE04EC0-301F-11D3-BF4B-00C04F79EFBC}") = "ClassMetotDemo", "ClassMetotDemo\ClassMetotDemo.csproj", "{EFFFDB32-053F-497E-A75E-6074CFD7E9E3}"
EndProject
Global
	GlobalSection(SolutionConfigurationPlatforms) = preSolution
		Debug|Any CPU = Debug|Any CPU
		Release|Any CPU = Release|Any CPU
	EndGlobalSection
	GlobalSection(ProjectConfigurationPlatforms) = postSolution
		{EFFFDB32-053F-497E-A75E-6074CFD7E9E3}.Debug|Any CPU.ActiveCfg = Debug|Any CPU
		{EFFFDB32-053F-497E-A75E-6074CFD7E9E3}.Debug|Any CPU.Build.0 = Debug|Any CPU
		{EFFFDB32-053F-497E-A75E-6074CFD7E9E3}.Release|Any CPU.ActiveCfg = Release|Any CPU
		{EFFFDB32-053F-497E-A75E-6074CFD7E9E3}.Release|Any CPU.Build.0 = Release|Any CPU
	EndGlobalSection
	GlobalSection(SolutionProperties) = preSolution
		HideSolutionNode = FALSE
	EndGlobalSection
	GlobalSection(ExtensibilityGlobals) = postSolution
		SolutionGuid = {E5B63E0E-EDFE-4452-AD54-2EF8FA4568C5}
	EndGlobalSection
EndGlobal
